
Microsoft Visual Studio Solution File, Format Version 12.00
# Visual Studio Version 17
VisualStudioVersion = 17.2.32317.152
MinimumVisualStudioVersion = 10.0.40219.1
Project("{FAE04EC0-301F-11D3-BF4B-00C04F79EFBC}") = "DockerComposeEndToEnd.Verifier", "DockerComposeEndToEnd.Verifier\DockerComposeEndToEnd.Verifier.csproj", "{383C2FFA-3CBC-408F-AE93-8AA95F310FA9}"
EndProject
Project("{FAE04EC0-301F-11D3-BF4B-00C04F79EFBC}") = "DockerComposeEndToEnd.App", "DockerComposeEndToEnd.App\DockerComposeEndToEnd.App.csproj", "{FBE9F787-87A2-4180-A7BA-1C989DBE8C0B}"
EndProject
Project("{FAE04EC0-301F-11D3-BF4B-00C04F79EFBC}") = "DockerComposeEndToEnd.Contracts", "DockerComposeEndToEnd.Contracts\DockerComposeEndToEnd.Contracts.csproj", "{90F02D24-12F6-45C1-8576-8D9C4D8166E3}"
EndProject
Global
	GlobalSection(SolutionConfigurationPlatforms) = preSolution
		Debug|Any CPU = Debug|Any CPU
		Release|Any CPU = Release|Any CPU
	EndGlobalSection
	GlobalSection(ProjectConfigurationPlatforms) = postSolution
		{383C2FFA-3CBC-408F-AE93-8AA95F310FA9}.Debug|Any CPU.ActiveCfg = Debug|Any CPU
		{383C2FFA-3CBC-408F-AE93-8AA95F310FA9}.Debug|Any CPU.Build.0 = Debug|Any CPU
		{383C2FFA-3CBC-408F-AE93-8AA95F310FA9}.Release|Any CPU.ActiveCfg = Release|Any CPU
		{383C2FFA-3CBC-408F-AE93-8AA95F310FA9}.Release|Any CPU.Build.0 = Release|Any CPU
		{FBE9F787-87A2-4180-A7BA-1C989DBE8C0B}.Debug|Any CPU.ActiveCfg = Debug|Any CPU
		{FBE9F787-87A2-4180-A7BA-1C989DBE8C0B}.Debug|Any CPU.Build.0 = Debug|Any CPU
		{FBE9F787-87A2-4180-A7BA-1C989DBE8C0B}.Release|Any CPU.ActiveCfg = Release|Any CPU
		{FBE9F787-87A2-4180-A7BA-1C989DBE8C0B}.Release|Any CPU.Build.0 = Release|Any CPU
		{90F02D24-12F6-45C1-8576-8D9C4D8166E3}.Debug|Any CPU.ActiveCfg = Debug|Any CPU
		{90F02D24-12F6-45C1-8576-8D9C4D8166E3}.Debug|Any CPU.Build.0 = Debug|Any CPU
		{90F02D24-12F6-45C1-8576-8D9C4D8166E3}.Release|Any CPU.ActiveCfg = Release|Any CPU
		{90F02D24-12F6-45C1-8576-8D9C4D8166E3}.Release|Any CPU.Build.0 = Release|Any CPU
	EndGlobalSection
	GlobalSection(SolutionProperties) = preSolution
		HideSolutionNode = FALSE
	EndGlobalSection
	GlobalSection(ExtensibilityGlobals) = postSolution
		SolutionGuid = {8A2BF0C0-5748-4890-BCD3-D232B0F4C85D}
	EndGlobalSection
EndGlobal
